
Microsoft Visual Studio Solution File, Format Version 12.00
# Visual Studio Version 17
VisualStudioVersion = 17.0.31903.59
MinimumVisualStudioVersion = 10.0.40219.1
Project("{2150E333-8FDC-42A3-9474-1A3956D46DE8}") = "src", "src", "{53428CAF-8122-411B-966C-EAF3D3BBCAF1}"
EndProject
Project("{FAE04EC0-301F-11D3-BF4B-00C04F79EFBC}") = "FlowBoard", "src\FlowBoard\FlowBoard.csproj", "{8B707909-0DB0-4138-9DDC-9814E3C3E0EA}"
EndProject
Project("{2150E333-8FDC-42A3-9474-1A3956D46DE8}") = "tests", "tests", "{80BE73E6-052F-4F4D-BFF2-903D82CF836E}"
EndProject
Project("{FAE04EC0-301F-11D3-BF4B-00C04F79EFBC}") = "FlowBoard.Tests", "tests\FlowBoard.Tests\FlowBoard.Tests.csproj", "{DE921BCB-E797-4475-8F8C-314C7B7F4026}"
EndProject
Global
	GlobalSection(SolutionConfigurationPlatforms) = preSolution
		Debug|Any CPU = Debug|Any CPU
		Release|Any CPU = Release|Any CPU
	EndGlobalSection
	GlobalSection(SolutionProperties) = preSolution
		HideSolutionNode = FALSE
	EndGlobalSection
	GlobalSection(ProjectConfigurationPlatforms) = postSolution
		{8B707909-0DB0-4138-9DDC-9814E3C3E0EA}.Debug|Any CPU.ActiveCfg = Debug|Any CPU
		{8B707909-0DB0-4138-9DDC-9814E3C3E0EA}.Debug|Any CPU.Build.0 = Debug|Any CPU
		{8B707909-0DB0-4138-9DDC-9814E3C3E0EA}.Release|Any CPU.ActiveCfg = Release|Any CPU
		{8B707909-0DB0-4138-9DDC-9814E3C3E0EA}.Release|Any CPU.Build.0 = Release|Any CPU
		{DE921BCB-E797-4475-8F8C-314C7B7F4026}.Debug|Any CPU.ActiveCfg = Debug|Any CPU
		{DE921BCB-E797-4475-8F8C-314C7B7F4026}.Debug|Any CPU.Build.0 = Debug|Any CPU
		{DE921BCB-E797-4475-8F8C-314C7B7F4026}.Release|Any CPU.ActiveCfg = Release|Any CPU
		{DE921BCB-E797-4475-8F8C-314C7B7F4026}.Release|Any CPU.Build.0 = Release|Any CPU
	EndGlobalSection
	GlobalSection(NestedProjects) = preSolution
		{8B707909-0DB0-4138-9DDC-9814E3C3E0EA} = {53428CAF-8122-411B-966C-EAF3D3BBCAF1}
		{DE921BCB-E797-4475-8F8C-314C7B7F4026} = {80BE73E6-052F-4F4D-BFF2-903D82CF836E}
	EndGlobalSection
EndGlobal
